// !$*UTF8*$!
{
	archiveVersion = 1;
	classes = {
	};
	objectVersion = 50;
	objects = {

/* Begin PBXBuildFile section */
		CD04AA3F2181B2FC00D019FC /* AppDelegate.swift in Sources */ = {isa = PBXBuildFile; fileRef = CD04AA3E2181B2FC00D019FC /* AppDelegate.swift */; };
		CD04AA412181B2FC00D019FC /* RootViewController.swift in Sources */ = {isa = PBXBuildFile; fileRef = CD04AA402181B2FC00D019FC /* RootViewController.swift */; };
		CD04AA432181B2FC00D019FC /* DataViewController.swift in Sources */ = {isa = PBXBuildFile; fileRef = CD04AA422181B2FC00D019FC /* DataViewController.swift */; };
		CD04AA452181B2FC00D019FC /* ModelController.swift in Sources */ = {isa = PBXBuildFile; fileRef = CD04AA442181B2FC00D019FC /* ModelController.swift */; };
		CD04AA482181B2FC00D019FC /* Main.storyboard in Resources */ = {isa = PBXBuildFile; fileRef = CD04AA462181B2FC00D019FC /* Main.storyboard */; };
		CD04AA4A2181B2FD00D019FC /* Assets.xcassets in Resources */ = {isa = PBXBuildFile; fileRef = CD04AA492181B2FD00D019FC /* Assets.xcassets */; };
		CD04AA4D2181B2FD00D019FC /* LaunchScreen.storyboard in Resources */ = {isa = PBXBuildFile; fileRef = CD04AA4B2181B2FD00D019FC /* LaunchScreen.storyboard */; };
		CD04AA582181B2FD00D019FC /* KUKU_V1_0Tests.swift in Sources */ = {isa = PBXBuildFile; fileRef = CD04AA572181B2FD00D019FC /* KUKU_V1_0Tests.swift */; };
		CD04AA632181B2FD00D019FC /* KUKU_V1_0UITests.swift in Sources */ = {isa = PBXBuildFile; fileRef = CD04AA622181B2FD00D019FC /* KUKU_V1_0UITests.swift */; };
		CD04AA712181C15C00D019FC /* View.xib in Resources */ = {isa = PBXBuildFile; fileRef = CD04AA702181C15C00D019FC /* View.xib */; };
		CD04AA732181C17400D019FC /* Storyboard.storyboard in Resources */ = {isa = PBXBuildFile; fileRef = CD04AA722181C17400D019FC /* Storyboard.storyboard */; };
		CD101A3121DECC5A004C81B0 /* ViewController.swift in Sources */ = {isa = PBXBuildFile; fileRef = CD101A3021DECC5A004C81B0 /* ViewController.swift */; };
		CD1D795421F052FE00B44646 /* PopupWasteViewController.swift in Sources */ = {isa = PBXBuildFile; fileRef = CD1D795321F052FE00B44646 /* PopupWasteViewController.swift */; };
		CD1D795621F06A7300B44646 /* PopupContainerViewController.swift in Sources */ = {isa = PBXBuildFile; fileRef = CD1D795521F06A7300B44646 /* PopupContainerViewController.swift */; };
		CD1D795821F06B2C00B44646 /* PopupViewController.swift in Sources */ = {isa = PBXBuildFile; fileRef = CD1D795721F06B2C00B44646 /* PopupViewController.swift */; };
		CD1D795A21F0717700B44646 /* gps_con_stof_VC.swift in Sources */ = {isa = PBXBuildFile; fileRef = CD1D795921F0717700B44646 /* gps_con_stof_VC.swift */; };
		CD1D795E21F12E3B00B44646 /* Kunde.swift in Sources */ = {isa = PBXBuildFile; fileRef = CD1D795D21F12E3B00B44646 /* Kunde.swift */; };
		CD1D796021F12F0700B44646 /* CustomerViewController.swift in Sources */ = {isa = PBXBuildFile; fileRef = CD1D795F21F12F0700B44646 /* CustomerViewController.swift */; };
		CD2D73F222293A7700E014E8 /* auftragsZelle.swift in Sources */ = {isa = PBXBuildFile; fileRef = CD2D73F122293A7700E014E8 /* auftragsZelle.swift */; };
		CD2D746A22296BFF00E014E8 /* auftragDetailVC.swift in Sources */ = {isa = PBXBuildFile; fileRef = CD2D746922296BFF00E014E8 /* auftragDetailVC.swift */; };
		CD2D746D22296DE500E014E8 /* MapKit.framework in Frameworks */ = {isa = PBXBuildFile; fileRef = CD2D746C22296DE500E014E8 /* MapKit.framework */; };
		CD2D746F22296FDD00E014E8 /* Container.swift in Sources */ = {isa = PBXBuildFile; fileRef = CD2D746E22296FDD00E014E8 /* Container.swift */; };
		CD2D747222298FB100E014E8 /* auftraegeVC.swift in Sources */ = {isa = PBXBuildFile; fileRef = CD2D747122298FB100E014E8 /* auftraegeVC.swift */; };
		CD2DF07222366C0100C4FBC6 /* VC_PayPal.swift in Sources */ = {isa = PBXBuildFile; fileRef = CD2DF07122366C0100C4FBC6 /* VC_PayPal.swift */; };
		CD2DF07422366C2F00C4FBC6 /* VC_Bezahlung.swift in Sources */ = {isa = PBXBuildFile; fileRef = CD2DF07322366C2F00C4FBC6 /* VC_Bezahlung.swift */; };
		CD64748E222994C900A74F09 /* User.swift in Sources */ = {isa = PBXBuildFile; fileRef = CD64748D222994C900A74F09 /* User.swift */; };
		CD6474902229991C00A74F09 /* Auftrag.swift in Sources */ = {isa = PBXBuildFile; fileRef = CD64748F2229991C00A74F09 /* Auftrag.swift */; };
		CDC8C94F223678CF00F67381 /* VC_Lastschrift.swift in Sources */ = {isa = PBXBuildFile; fileRef = CDC8C94E223678CF00F67381 /* VC_Lastschrift.swift */; };
		CDC8C95122368A9F00F67381 /* VC_Kreditkarte.swift in Sources */ = {isa = PBXBuildFile; fileRef = CDC8C95022368A9F00F67381 /* VC_Kreditkarte.swift */; };
		CDC8C9532236910900F67381 /* VC_VISA.swift in Sources */ = {isa = PBXBuildFile; fileRef = CDC8C9522236910900F67381 /* VC_VISA.swift */; };
		CDC8C9942236A82F00F67381 /* pvJahr.swift in Sources */ = {isa = PBXBuildFile; fileRef = CDC8C9932236A82F00F67381 /* pvJahr.swift */; };
		CDC8C9972236BAE000F67381 /* VC_DatumUndAuftragstyp.swift in Sources */ = {isa = PBXBuildFile; fileRef = CDC8C9962236BAE000F67381 /* VC_DatumUndAuftragstyp.swift */; };
/* End PBXBuildFile section */

/* Begin PBXContainerItemProxy section */
		CD04AA542181B2FD00D019FC /* PBXContainerItemProxy */ = {
			isa = PBXContainerItemProxy;
			containerPortal = CD04AA332181B2FC00D019FC /* Project object */;
			proxyType = 1;
			remoteGlobalIDString = CD04AA3A2181B2FC00D019FC;
			remoteInfo = KUKU_V1.0;
		};
		CD04AA5F2181B2FD00D019FC /* PBXContainerItemProxy */ = {
			isa = PBXContainerItemProxy;
			containerPortal = CD04AA332181B2FC00D019FC /* Project object */;
			proxyType = 1;
			remoteGlobalIDString = CD04AA3A2181B2FC00D019FC;
			remoteInfo = KUKU_V1.0;
		};
/* End PBXContainerItemProxy section */

/* Begin PBXFileReference section */
		CD04AA3B2181B2FC00D019FC /* KUKU_V1.0.app */ = {isa = PBXFileReference; explicitFileType = wrapper.application; includeInIndex = 0; path = KUKU_V1.0.app; sourceTree = BUILT_PRODUCTS_DIR; };
		CD04AA3E2181B2FC00D019FC /* AppDelegate.swift */ = {isa = PBXFileReference; lastKnownFileType = sourcecode.swift; path = AppDelegate.swift; sourceTree = "<group>"; };
		CD04AA402181B2FC00D019FC /* RootViewController.swift */ = {isa = PBXFileReference; lastKnownFileType = sourcecode.swift; path = RootViewController.swift; sourceTree = "<group>"; };
		CD04AA422181B2FC00D019FC /* DataViewController.swift */ = {isa = PBXFileReference; lastKnownFileType = sourcecode.swift; path = DataViewController.swift; sourceTree = "<group>"; };
		CD04AA442181B2FC00D019FC /* ModelController.swift */ = {isa = PBXFileReference; lastKnownFileType = sourcecode.swift; path = ModelController.swift; sourceTree = "<group>"; };
		CD04AA472181B2FC00D019FC /* Base */ = {isa = PBXFileReference; lastKnownFileType = file.storyboard; name = Base; path = Base.lproj/Main.storyboard; sourceTree = "<group>"; };
		CD04AA492181B2FD00D019FC /* Assets.xcassets */ = {isa = PBXFileReference; lastKnownFileType = folder.assetcatalog; path = Assets.xcassets; sourceTree = "<group>"; };
		CD04AA4C2181B2FD00D019FC /* Base */ = {isa = PBXFileReference; lastKnownFileType = file.storyboard; name = Base; path = Base.lproj/LaunchScreen.storyboard; sourceTree = "<group>"; };
		CD04AA4E2181B2FD00D019FC /* Info.plist */ = {isa = PBXFileReference; lastKnownFileType = text.plist.xml; path = Info.plist; sourceTree = "<group>"; };
		CD04AA532181B2FD00D019FC /* KUKU_V1.0Tests.xctest */ = {isa = PBXFileReference; explicitFileType = wrapper.cfbundle; includeInIndex = 0; path = KUKU_V1.0Tests.xctest; sourceTree = BUILT_PRODUCTS_DIR; };
		CD04AA572181B2FD00D019FC /* KUKU_V1_0Tests.swift */ = {isa = PBXFileReference; lastKnownFileType = sourcecode.swift; path = KUKU_V1_0Tests.swift; sourceTree = "<group>"; };
		CD04AA592181B2FD00D019FC /* Info.plist */ = {isa = PBXFileReference; lastKnownFileType = text.plist.xml; path = Info.plist; sourceTree = "<group>"; };
		CD04AA5E2181B2FD00D019FC /* KUKU_V1.0UITests.xctest */ = {isa = PBXFileReference; explicitFileType = wrapper.cfbundle; includeInIndex = 0; path = KUKU_V1.0UITests.xctest; sourceTree = BUILT_PRODUCTS_DIR; };
		CD04AA622181B2FD00D019FC /* KUKU_V1_0UITests.swift */ = {isa = PBXFileReference; lastKnownFileType = sourcecode.swift; path = KUKU_V1_0UITests.swift; sourceTree = "<group>"; };
		CD04AA642181B2FD00D019FC /* Info.plist */ = {isa = PBXFileReference; lastKnownFileType = text.plist.xml; path = Info.plist; sourceTree = "<group>"; };
		CD04AA702181C15C00D019FC /* View.xib */ = {isa = PBXFileReference; lastKnownFileType = file.xib; path = View.xib; sourceTree = "<group>"; };
		CD04AA722181C17400D019FC /* Storyboard.storyboard */ = {isa = PBXFileReference; lastKnownFileType = file.storyboard; path = Storyboard.storyboard; sourceTree = "<group>"; };
		CD101A3021DECC5A004C81B0 /* ViewController.swift */ = {isa = PBXFileReference; lastKnownFileType = sourcecode.swift; path = ViewController.swift; sourceTree = "<group>"; };
		CD1D795321F052FE00B44646 /* PopupWasteViewController.swift */ = {isa = PBXFileReference; lastKnownFileType = sourcecode.swift; path = PopupWasteViewController.swift; sourceTree = "<group>"; };
		CD1D795521F06A7300B44646 /* PopupContainerViewController.swift */ = {isa = PBXFileReference; lastKnownFileType = sourcecode.swift; path = PopupContainerViewController.swift; sourceTree = "<group>"; };
		CD1D795721F06B2C00B44646 /* PopupViewController.swift */ = {isa = PBXFileReference; lastKnownFileType = sourcecode.swift; path = PopupViewController.swift; sourceTree = "<group>"; };
		CD1D795921F0717700B44646 /* gps_con_stof_VC.swift */ = {isa = PBXFileReference; lastKnownFileType = sourcecode.swift; path = gps_con_stof_VC.swift; sourceTree = "<group>"; };
		CD1D795D21F12E3B00B44646 /* Kunde.swift */ = {isa = PBXFileReference; lastKnownFileType = sourcecode.swift; path = Kunde.swift; sourceTree = "<group>"; };
		CD1D795F21F12F0700B44646 /* CustomerViewController.swift */ = {isa = PBXFileReference; lastKnownFileType = sourcecode.swift; path = CustomerViewController.swift; sourceTree = "<group>"; };
		CD2D73F122293A7700E014E8 /* auftragsZelle.swift */ = {isa = PBXFileReference; lastKnownFileType = sourcecode.swift; path = auftragsZelle.swift; sourceTree = "<group>"; };
		CD2D746922296BFF00E014E8 /* auftragDetailVC.swift */ = {isa = PBXFileReference; lastKnownFileType = sourcecode.swift; path = auftragDetailVC.swift; sourceTree = "<group>"; };
		CD2D746C22296DE500E014E8 /* MapKit.framework */ = {isa = PBXFileReference; lastKnownFileType = wrapper.framework; name = MapKit.framework; path = System/Library/Frameworks/MapKit.framework; sourceTree = SDKROOT; };
		CD2D746E22296FDD00E014E8 /* Container.swift */ = {isa = PBXFileReference; lastKnownFileType = sourcecode.swift; path = Container.swift; sourceTree = "<group>"; };
		CD2D747122298FB100E014E8 /* auftraegeVC.swift */ = {isa = PBXFileReference; lastKnownFileType = sourcecode.swift; path = auftraegeVC.swift; sourceTree = "<group>"; };
		CD2DF07122366C0100C4FBC6 /* VC_PayPal.swift */ = {isa = PBXFileReference; lastKnownFileType = sourcecode.swift; path = VC_PayPal.swift; sourceTree = "<group>"; };
		CD2DF07322366C2F00C4FBC6 /* VC_Bezahlung.swift */ = {isa = PBXFileReference; lastKnownFileType = sourcecode.swift; path = VC_Bezahlung.swift; sourceTree = "<group>"; };
		CD64748D222994C900A74F09 /* User.swift */ = {isa = PBXFileReference; lastKnownFileType = sourcecode.swift; path = User.swift; sourceTree = "<group>"; };
		CD64748F2229991C00A74F09 /* Auftrag.swift */ = {isa = PBXFileReference; lastKnownFileType = sourcecode.swift; path = Auftrag.swift; sourceTree = "<group>"; };
		CDC8C94E223678CF00F67381 /* VC_Lastschrift.swift */ = {isa = PBXFileReference; lastKnownFileType = sourcecode.swift; path = VC_Lastschrift.swift; sourceTree = "<group>"; };
		CDC8C95022368A9F00F67381 /* VC_Kreditkarte.swift */ = {isa = PBXFileReference; lastKnownFileType = sourcecode.swift; path = VC_Kreditkarte.swift; sourceTree = "<group>"; };
		CDC8C9522236910900F67381 /* VC_VISA.swift */ = {isa = PBXFileReference; lastKnownFileType = sourcecode.swift; path = VC_VISA.swift; sourceTree = "<group>"; };
		CDC8C9932236A82F00F67381 /* pvJahr.swift */ = {isa = PBXFileReference; lastKnownFileType = sourcecode.swift; path = pvJahr.swift; sourceTree = "<group>"; };
		CDC8C9962236BAE000F67381 /* VC_DatumUndAuftragstyp.swift */ = {isa = PBXFileReference; lastKnownFileType = sourcecode.swift; path = VC_DatumUndAuftragstyp.swift; sourceTree = "<group>"; };
/* End PBXFileReference section */

/* Begin PBXFrameworksBuildPhase section */
		CD04AA382181B2FC00D019FC /* Frameworks */ = {
			isa = PBXFrameworksBuildPhase;
			buildActionMask = 2147483647;
			files = (
				CD2D746D22296DE500E014E8 /* MapKit.framework in Frameworks */,
			);
			runOnlyForDeploymentPostprocessing = 0;
		};
		CD04AA502181B2FD00D019FC /* Frameworks */ = {
			isa = PBXFrameworksBuildPhase;
			buildActionMask = 2147483647;
			files = (
			);
			runOnlyForDeploymentPostprocessing = 0;
		};
		CD04AA5B2181B2FD00D019FC /* Frameworks */ = {
			isa = PBXFrameworksBuildPhase;
			buildActionMask = 2147483647;
			files = (
			);
			runOnlyForDeploymentPostprocessing = 0;
		};
/* End PBXFrameworksBuildPhase section */

/* Begin PBXGroup section */
		CD04AA322181B2FC00D019FC = {
			isa = PBXGroup;
			children = (
				CD04AA3D2181B2FC00D019FC /* KUKU_V1.0 */,
				CD04AA562181B2FD00D019FC /* KUKU_V1.0Tests */,
				CD04AA612181B2FD00D019FC /* KUKU_V1.0UITests */,
				CD04AA3C2181B2FC00D019FC /* Products */,
				CD2D746B22296DE500E014E8 /* Frameworks */,
			);
			sourceTree = "<group>";
		};
		CD04AA3C2181B2FC00D019FC /* Products */ = {
			isa = PBXGroup;
			children = (
				CD04AA3B2181B2FC00D019FC /* KUKU_V1.0.app */,
				CD04AA532181B2FD00D019FC /* KUKU_V1.0Tests.xctest */,
				CD04AA5E2181B2FD00D019FC /* KUKU_V1.0UITests.xctest */,
			);
			name = Products;
			sourceTree = "<group>";
		};
		CD04AA3D2181B2FC00D019FC /* KUKU_V1.0 */ = {
			isa = PBXGroup;
			children = (
				CDC8C9952236BAA300F67381 /* Auftragserstellung */,
				CD1D795521F06A7300B44646 /* PopupContainerViewController.swift */,
				CD1D795321F052FE00B44646 /* PopupWasteViewController.swift */,
				CD6474912229993200A74F09 /* AR */,
				CD2D73F422293AAF00E014E8 /* Bezahlung */,
				CD2D73F322293AA300E014E8 /* Benutzerverwaltung */,
				CD2D73F0222939D300E014E8 /* Auftragsverwaltung */,
				CD04AA3E2181B2FC00D019FC /* AppDelegate.swift */,
				CD04AA402181B2FC00D019FC /* RootViewController.swift */,
				CD04AA422181B2FC00D019FC /* DataViewController.swift */,
				CD101A3021DECC5A004C81B0 /* ViewController.swift */,
				CD04AA442181B2FC00D019FC /* ModelController.swift */,
				CD04AA462181B2FC00D019FC /* Main.storyboard */,
				CD1D795F21F12F0700B44646 /* CustomerViewController.swift */,
				CD1D795921F0717700B44646 /* gps_con_stof_VC.swift */,
				CD04AA492181B2FD00D019FC /* Assets.xcassets */,
				CD04AA4B2181B2FD00D019FC /* LaunchScreen.storyboard */,
				CD04AA4E2181B2FD00D019FC /* Info.plist */,
				CD04AA702181C15C00D019FC /* View.xib */,
				CD04AA722181C17400D019FC /* Storyboard.storyboard */,
				CD1D795721F06B2C00B44646 /* PopupViewController.swift */,
			);
			path = KUKU_V1.0;
			sourceTree = "<group>";
		};
		CD04AA562181B2FD00D019FC /* KUKU_V1.0Tests */ = {
			isa = PBXGroup;
			children = (
				CD04AA572181B2FD00D019FC /* KUKU_V1_0Tests.swift */,
				CD04AA592181B2FD00D019FC /* Info.plist */,
			);
			path = KUKU_V1.0Tests;
			sourceTree = "<group>";
		};
		CD04AA612181B2FD00D019FC /* KUKU_V1.0UITests */ = {
			isa = PBXGroup;
			children = (
				CD04AA622181B2FD00D019FC /* KUKU_V1_0UITests.swift */,
				CD04AA642181B2FD00D019FC /* Info.plist */,
			);
			path = KUKU_V1.0UITests;
			sourceTree = "<group>";
		};
		CD2D73F0222939D300E014E8 /* Auftragsverwaltung */ = {
			isa = PBXGroup;
			children = (
				CD2D73F122293A7700E014E8 /* auftragsZelle.swift */,
				CD2D746922296BFF00E014E8 /* auftragDetailVC.swift */,
				CD2D746E22296FDD00E014E8 /* Container.swift */,
				CD2D747122298FB100E014E8 /* auftraegeVC.swift */,
				CD64748F2229991C00A74F09 /* Auftrag.swift */,
			);
			path = Auftragsverwaltung;
			sourceTree = "<group>";
		};
		CD2D73F322293AA300E014E8 /* Benutzerverwaltung */ = {
			isa = PBXGroup;
			children = (
				CD1D795D21F12E3B00B44646 /* Kunde.swift */,
				CD64748D222994C900A74F09 /* User.swift */,
			);
			path = Benutzerverwaltung;
			sourceTree = "<group>";
		};
		CD2D73F422293AAF00E014E8 /* Bezahlung */ = {
			isa = PBXGroup;
			children = (
				CDC8C9542236A16B00F67381 /* Kreditkarten_Gueltigkeit */,
				CD2DF07122366C0100C4FBC6 /* VC_PayPal.swift */,
				CD2DF07322366C2F00C4FBC6 /* VC_Bezahlung.swift */,
				CDC8C94E223678CF00F67381 /* VC_Lastschrift.swift */,
				CDC8C95022368A9F00F67381 /* VC_Kreditkarte.swift */,
				CDC8C9522236910900F67381 /* VC_VISA.swift */,
			);
			path = Bezahlung;
			sourceTree = "<group>";
		};
		CD2D746B22296DE500E014E8 /* Frameworks */ = {
			isa = PBXGroup;
			children = (
				CD2D746C22296DE500E014E8 /* MapKit.framework */,
			);
			name = Frameworks;
			sourceTree = "<group>";
		};
		CD6474912229993200A74F09 /* AR */ = {
			isa = PBXGroup;
			children = (
			);
			path = AR;
			sourceTree = "<group>";
		};
		CDC8C9542236A16B00F67381 /* Kreditkarten_Gueltigkeit */ = {
			isa = PBXGroup;
			children = (
				CDC8C9932236A82F00F67381 /* pvJahr.swift */,
			);
			path = Kreditkarten_Gueltigkeit;
			sourceTree = "<group>";
		};
		CDC8C9952236BAA300F67381 /* Auftragserstellung */ = {
			isa = PBXGroup;
			children = (
				CDC8C9962236BAE000F67381 /* VC_DatumUndAuftragstyp.swift */,
			);
			path = Auftragserstellung;
			sourceTree = "<group>";
		};
/* End PBXGroup section */

/* Begin PBXNativeTarget section */
		CD04AA3A2181B2FC00D019FC /* KUKU_V1.0 */ = {
			isa = PBXNativeTarget;
			buildConfigurationList = CD04AA672181B2FD00D019FC /* Build configuration list for PBXNativeTarget "KUKU_V1.0" */;
			buildPhases = (
				CD04AA372181B2FC00D019FC /* Sources */,
				CD04AA382181B2FC00D019FC /* Frameworks */,
				CD04AA392181B2FC00D019FC /* Resources */,
			);
			buildRules = (
			);
			dependencies = (
			);
			name = KUKU_V1.0;
			productName = KUKU_V1.0;
			productReference = CD04AA3B2181B2FC00D019FC /* KUKU_V1.0.app */;
			productType = "com.apple.product-type.application";
		};
		CD04AA522181B2FD00D019FC /* KUKU_V1.0Tests */ = {
			isa = PBXNativeTarget;
			buildConfigurationList = CD04AA6A2181B2FD00D019FC /* Build configuration list for PBXNativeTarget "KUKU_V1.0Tests" */;
			buildPhases = (
				CD04AA4F2181B2FD00D019FC /* Sources */,
				CD04AA502181B2FD00D019FC /* Frameworks */,
				CD04AA512181B2FD00D019FC /* Resources */,
			);
			buildRules = (
			);
			dependencies = (
				CD04AA552181B2FD00D019FC /* PBXTargetDependency */,
			);
			name = KUKU_V1.0Tests;
			productName = KUKU_V1.0Tests;
			productReference = CD04AA532181B2FD00D019FC /* KUKU_V1.0Tests.xctest */;
			productType = "com.apple.product-type.bundle.unit-test";
		};
		CD04AA5D2181B2FD00D019FC /* KUKU_V1.0UITests */ = {
			isa = PBXNativeTarget;
			buildConfigurationList = CD04AA6D2181B2FD00D019FC /* Build configuration list for PBXNativeTarget "KUKU_V1.0UITests" */;
			buildPhases = (
				CD04AA5A2181B2FD00D019FC /* Sources */,
				CD04AA5B2181B2FD00D019FC /* Frameworks */,
				CD04AA5C2181B2FD00D019FC /* Resources */,
			);
			buildRules = (
			);
			dependencies = (
				CD04AA602181B2FD00D019FC /* PBXTargetDependency */,
			);
			name = KUKU_V1.0UITests;
			productName = KUKU_V1.0UITests;
			productReference = CD04AA5E2181B2FD00D019FC /* KUKU_V1.0UITests.xctest */;
			productType = "com.apple.product-type.bundle.ui-testing";
		};
/* End PBXNativeTarget section */

/* Begin PBXProject section */
		CD04AA332181B2FC00D019FC /* Project object */ = {
			isa = PBXProject;
			attributes = {
				LastSwiftUpdateCheck = 1000;
				LastUpgradeCheck = 1000;
				ORGANIZATIONNAME = "Benedikt Kurz";
				TargetAttributes = {
					CD04AA3A2181B2FC00D019FC = {
						CreatedOnToolsVersion = 10.0;
						SystemCapabilities = {
							com.apple.BackgroundModes = {
								enabled = 0;
							};
							com.apple.Maps.iOS = {
								enabled = 1;
							};
						};
					};
					CD04AA522181B2FD00D019FC = {
						CreatedOnToolsVersion = 10.0;
						TestTargetID = CD04AA3A2181B2FC00D019FC;
					};
					CD04AA5D2181B2FD00D019FC = {
						CreatedOnToolsVersion = 10.0;
						TestTargetID = CD04AA3A2181B2FC00D019FC;
					};
				};
			};
			buildConfigurationList = CD04AA362181B2FC00D019FC /* Build configuration list for PBXProject "KUKU_V1.0" */;
			compatibilityVersion = "Xcode 9.3";
			developmentRegion = en;
			hasScannedForEncodings = 0;
			knownRegions = (
				en,
				Base,
			);
			mainGroup = CD04AA322181B2FC00D019FC;
			productRefGroup = CD04AA3C2181B2FC00D019FC /* Products */;
			projectDirPath = "";
			projectRoot = "";
			targets = (
				CD04AA3A2181B2FC00D019FC /* KUKU_V1.0 */,
				CD04AA522181B2FD00D019FC /* KUKU_V1.0Tests */,
				CD04AA5D2181B2FD00D019FC /* KUKU_V1.0UITests */,
			);
		};
/* End PBXProject section */

/* Begin PBXResourcesBuildPhase section */
		CD04AA392181B2FC00D019FC /* Resources */ = {
			isa = PBXResourcesBuildPhase;
			buildActionMask = 2147483647;
			files = (
				CD04AA712181C15C00D019FC /* View.xib in Resources */,
				CD04AA4D2181B2FD00D019FC /* LaunchScreen.storyboard in Resources */,
				CD04AA4A2181B2FD00D019FC /* Assets.xcassets in Resources */,
				CD04AA482181B2FC00D019FC /* Main.storyboard in Resources */,
				CD04AA732181C17400D019FC /* Storyboard.storyboard in Resources */,
			);
			runOnlyForDeploymentPostprocessing = 0;
		};
		CD04AA512181B2FD00D019FC /* Resources */ = {
			isa = PBXResourcesBuildPhase;
			buildActionMask = 2147483647;
			files = (
			);
			runOnlyForDeploymentPostprocessing = 0;
		};
		CD04AA5C2181B2FD00D019FC /* Resources */ = {
			isa = PBXResourcesBuildPhase;
			buildActionMask = 2147483647;
			files = (
			);
			runOnlyForDeploymentPostprocessing = 0;
		};
/* End PBXResourcesBuildPhase section */

/* Begin PBXSourcesBuildPhase section */
		CD04AA372181B2FC00D019FC /* Sources */ = {
			isa = PBXSourcesBuildPhase;
			buildActionMask = 2147483647;
			files = (
				CD1D795421F052FE00B44646 /* PopupWasteViewController.swift in Sources */,
				CD2D747222298FB100E014E8 /* auftraegeVC.swift in Sources */,
				CD1D795621F06A7300B44646 /* PopupContainerViewController.swift in Sources */,
				CD04AA412181B2FC00D019FC /* RootViewController.swift in Sources */,
				CD1D795E21F12E3B00B44646 /* Kunde.swift in Sources */,
				CD2DF07422366C2F00C4FBC6 /* VC_Bezahlung.swift in Sources */,
				CD04AA452181B2FC00D019FC /* ModelController.swift in Sources */,
				CD2D746A22296BFF00E014E8 /* auftragDetailVC.swift in Sources */,
				CD2D73F222293A7700E014E8 /* auftragsZelle.swift in Sources */,
				CDC8C94F223678CF00F67381 /* VC_Lastschrift.swift in Sources */,
				CDC8C9942236A82F00F67381 /* pvJahr.swift in Sources */,
				CDC8C9972236BAE000F67381 /* VC_DatumUndAuftragstyp.swift in Sources */,
				CD2DF07222366C0100C4FBC6 /* VC_PayPal.swift in Sources */,
				CDC8C9532236910900F67381 /* VC_VISA.swift in Sources */,
				CD1D796021F12F0700B44646 /* CustomerViewController.swift in Sources */,
				CD1D795821F06B2C00B44646 /* PopupViewController.swift in Sources */,
				CD1D795A21F0717700B44646 /* gps_con_stof_VC.swift in Sources */,
				CD101A3121DECC5A004C81B0 /* ViewController.swift in Sources */,
				CD04AA432181B2FC00D019FC /* DataViewController.swift in Sources */,
				CD04AA3F2181B2FC00D019FC /* AppDelegate.swift in Sources */,
				CD2D746F22296FDD00E014E8 /* Container.swift in Sources */,
				CDC8C95122368A9F00F67381 /* VC_Kreditkarte.swift in Sources */,
				CD6474902229991C00A74F09 /* Auftrag.swift in Sources */,
				CD64748E222994C900A74F09 /* User.swift in Sources */,
			);
			runOnlyForDeploymentPostprocessing = 0;
		};
		CD04AA4F2181B2FD00D019FC /* Sources */ = {
			isa = PBXSourcesBuildPhase;
			buildActionMask = 2147483647;
			files = (
				CD04AA582181B2FD00D019FC /* KUKU_V1_0Tests.swift in Sources */,
			);
			runOnlyForDeploymentPostprocessing = 0;
		};
		CD04AA5A2181B2FD00D019FC /* Sources */ = {
			isa = PBXSourcesBuildPhase;
			buildActionMask = 2147483647;
			files = (
				CD04AA632181B2FD00D019FC /* KUKU_V1_0UITests.swift in Sources */,
			);
			runOnlyForDeploymentPostprocessing = 0;
		};
/* End PBXSourcesBuildPhase section */

/* Begin PBXTargetDependency section */
		CD04AA552181B2FD00D019FC /* PBXTargetDependency */ = {
			isa = PBXTargetDependency;
			target = CD04AA3A2181B2FC00D019FC /* KUKU_V1.0 */;
			targetProxy = CD04AA542181B2FD00D019FC /* PBXContainerItemProxy */;
		};
		CD04AA602181B2FD00D019FC /* PBXTargetDependency */ = {
			isa = PBXTargetDependency;
			target = CD04AA3A2181B2FC00D019FC /* KUKU_V1.0 */;
			targetProxy = CD04AA5F2181B2FD00D019FC /* PBXContainerItemProxy */;
		};
/* End PBXTargetDependency section */

/* Begin PBXVariantGroup section */
		CD04AA462181B2FC00D019FC /* Main.storyboard */ = {
			isa = PBXVariantGroup;
			children = (
				CD04AA472181B2FC00D019FC /* Base */,
			);
			name = Main.storyboard;
			sourceTree = "<group>";
		};
		CD04AA4B2181B2FD00D019FC /* LaunchScreen.storyboard */ = {
			isa = PBXVariantGroup;
			children = (
				CD04AA4C2181B2FD00D019FC /* Base */,
			);
			name = LaunchScreen.storyboard;
			sourceTree = "<group>";
		};
/* End PBXVariantGroup section */

/* Begin XCBuildConfiguration section */
		CD04AA652181B2FD00D019FC /* Debug */ = {
			isa = XCBuildConfiguration;
			buildSettings = {
				ALWAYS_SEARCH_USER_PATHS = NO;
				CLANG_ANALYZER_NONNULL = YES;
				CLANG_ANALYZER_NUMBER_OBJECT_CONVERSION = YES_AGGRESSIVE;
				CLANG_CXX_LANGUAGE_STANDARD = "gnu++14";
				CLANG_CXX_LIBRARY = "libc++";
				CLANG_ENABLE_MODULES = YES;
				CLANG_ENABLE_OBJC_ARC = YES;
				CLANG_ENABLE_OBJC_WEAK = YES;
				CLANG_WARN_BLOCK_CAPTURE_AUTORELEASING = YES;
				CLANG_WARN_BOOL_CONVERSION = YES;
				CLANG_WARN_COMMA = YES;
				CLANG_WARN_CONSTANT_CONVERSION = YES;
				CLANG_WARN_DEPRECATED_OBJC_IMPLEMENTATIONS = YES;
				CLANG_WARN_DIRECT_OBJC_ISA_USAGE = YES_ERROR;
				CLANG_WARN_DOCUMENTATION_COMMENTS = YES;
				CLANG_WARN_EMPTY_BODY = YES;
				CLANG_WARN_ENUM_CONVERSION = YES;
				CLANG_WARN_INFINITE_RECURSION = YES;
				CLANG_WARN_INT_CONVERSION = YES;
				CLANG_WARN_NON_LITERAL_NULL_CONVERSION = YES;
				CLANG_WARN_OBJC_IMPLICIT_RETAIN_SELF = YES;
				CLANG_WARN_OBJC_LITERAL_CONVERSION = YES;
				CLANG_WARN_OBJC_ROOT_CLASS = YES_ERROR;
				CLANG_WARN_RANGE_LOOP_ANALYSIS = YES;
				CLANG_WARN_STRICT_PROTOTYPES = YES;
				CLANG_WARN_SUSPICIOUS_MOVE = YES;
				CLANG_WARN_UNGUARDED_AVAILABILITY = YES_AGGRESSIVE;
				CLANG_WARN_UNREACHABLE_CODE = YES;
				CLANG_WARN__DUPLICATE_METHOD_MATCH = YES;
				CODE_SIGN_IDENTITY = "iPhone Developer";
				COPY_PHASE_STRIP = NO;
				DEBUG_INFORMATION_FORMAT = dwarf;
				ENABLE_STRICT_OBJC_MSGSEND = YES;
				ENABLE_TESTABILITY = YES;
				GCC_C_LANGUAGE_STANDARD = gnu11;
				GCC_DYNAMIC_NO_PIC = NO;
				GCC_NO_COMMON_BLOCKS = YES;
				GCC_OPTIMIZATION_LEVEL = 0;
				GCC_PREPROCESSOR_DEFINITIONS = (
					"DEBUG=1",
					"$(inherited)",
				);
				GCC_WARN_64_TO_32_BIT_CONVERSION = YES;
				GCC_WARN_ABOUT_RETURN_TYPE = YES_ERROR;
				GCC_WARN_UNDECLARED_SELECTOR = YES;
				GCC_WARN_UNINITIALIZED_AUTOS = YES_AGGRESSIVE;
				GCC_WARN_UNUSED_FUNCTION = YES;
				GCC_WARN_UNUSED_VARIABLE = YES;
				IPHONEOS_DEPLOYMENT_TARGET = 12.0;
				MTL_ENABLE_DEBUG_INFO = INCLUDE_SOURCE;
				MTL_FAST_MATH = YES;
				ONLY_ACTIVE_ARCH = YES;
				SDKROOT = iphoneos;
				SWIFT_ACTIVE_COMPILATION_CONDITIONS = DEBUG;
				SWIFT_OPTIMIZATION_LEVEL = "-Onone";
			};
			name = Debug;
		};
		CD04AA662181B2FD00D019FC /* Release */ = {
			isa = XCBuildConfiguration;
			buildSettings = {
				ALWAYS_SEARCH_USER_PATHS = NO;
				CLANG_ANALYZER_NONNULL = YES;
				CLANG_ANALYZER_NUMBER_OBJECT_CONVERSION = YES_AGGRESSIVE;
				CLANG_CXX_LANGUAGE_STANDARD = "gnu++14";
				CLANG_CXX_LIBRARY = "libc++";
				CLANG_ENABLE_MODULES = YES;
				CLANG_ENABLE_OBJC_ARC = YES;
				CLANG_ENABLE_OBJC_WEAK = YES;
				CLANG_WARN_BLOCK_CAPTURE_AUTORELEASING = YES;
				CLANG_WARN_BOOL_CONVERSION = YES;
				CLANG_WARN_COMMA = YES;
				CLANG_WARN_CONSTANT_CONVERSION = YES;
				CLANG_WARN_DEPRECATED_OBJC_IMPLEMENTATIONS = YES;
				CLANG_WARN_DIRECT_OBJC_ISA_USAGE = YES_ERROR;
				CLANG_WARN_DOCUMENTATION_COMMENTS = YES;
				CLANG_WARN_EMPTY_BODY = YES;
				CLANG_WARN_ENUM_CONVERSION = YES;
				CLANG_WARN_INFINITE_RECURSION = YES;
				CLANG_WARN_INT_CONVERSION = YES;
				CLANG_WARN_NON_LITERAL_NULL_CONVERSION = YES;
				CLANG_WARN_OBJC_IMPLICIT_RETAIN_SELF = YES;
				CLANG_WARN_OBJC_LITERAL_CONVERSION = YES;
				CLANG_WARN_OBJC_ROOT_CLASS = YES_ERROR;
				CLANG_WARN_RANGE_LOOP_ANALYSIS = YES;
				CLANG_WARN_STRICT_PROTOTYPES = YES;
				CLANG_WARN_SUSPICIOUS_MOVE = YES;
				CLANG_WARN_UNGUARDED_AVAILABILITY = YES_AGGRESSIVE;
				CLANG_WARN_UNREACHABLE_CODE = YES;
				CLANG_WARN__DUPLICATE_METHOD_MATCH = YES;
				CODE_SIGN_IDENTITY = "iPhone Developer";
				COPY_PHASE_STRIP = NO;
				DEBUG_INFORMATION_FORMAT = "dwarf-with-dsym";
				ENABLE_NS_ASSERTIONS = NO;
				ENABLE_STRICT_OBJC_MSGSEND = YES;
				GCC_C_LANGUAGE_STANDARD = gnu11;
				GCC_NO_COMMON_BLOCKS = YES;
				GCC_WARN_64_TO_32_BIT_CONVERSION = YES;
				GCC_WARN_ABOUT_RETURN_TYPE = YES_ERROR;
				GCC_WARN_UNDECLARED_SELECTOR = YES;
				GCC_WARN_UNINITIALIZED_AUTOS = YES_AGGRESSIVE;
				GCC_WARN_UNUSED_FUNCTION = YES;
				GCC_WARN_UNUSED_VARIABLE = YES;
				IPHONEOS_DEPLOYMENT_TARGET = 12.0;
				MTL_ENABLE_DEBUG_INFO = NO;
				MTL_FAST_MATH = YES;
				SDKROOT = iphoneos;
				SWIFT_COMPILATION_MODE = wholemodule;
				SWIFT_OPTIMIZATION_LEVEL = "-O";
				VALIDATE_PRODUCT = YES;
			};
			name = Release;
		};
		CD04AA682181B2FD00D019FC /* Debug */ = {
			isa = XCBuildConfiguration;
			buildSettings = {
				ASSETCATALOG_COMPILER_APPICON_NAME = AppIcon;
				CODE_SIGN_STYLE = Automatic;
				DEVELOPMENT_TEAM = WH3J98CLZU;
				INFOPLIST_FILE = KUKU_V1.0/Info.plist;
				IPHONEOS_DEPLOYMENT_TARGET = 11.4;
				LD_RUNPATH_SEARCH_PATHS = (
					"$(inherited)",
					"@executable_path/Frameworks",
				);
				PRODUCT_BUNDLE_IDENTIFIER = "BB.KUKU-V1-0";
				PRODUCT_NAME = "$(TARGET_NAME)";
				SWIFT_VERSION = 4.2;
				TARGETED_DEVICE_FAMILY = "1,2";
			};
			name = Debug;
		};
		CD04AA692181B2FD00D019FC /* Release */ = {
			isa = XCBuildConfiguration;
			buildSettings = {
				ASSETCATALOG_COMPILER_APPICON_NAME = AppIcon;
				CODE_SIGN_STYLE = Automatic;
				DEVELOPMENT_TEAM = WH3J98CLZU;
				INFOPLIST_FILE = KUKU_V1.0/Info.plist;
				IPHONEOS_DEPLOYMENT_TARGET = 11.4;
				LD_RUNPATH_SEARCH_PATHS = (
					"$(inherited)",
					"@executable_path/Frameworks",
				);
				PRODUCT_BUNDLE_IDENTIFIER = "BB.KUKU-V1-0";
				PRODUCT_NAME = "$(TARGET_NAME)";
				SWIFT_VERSION = 4.2;
				TARGETED_DEVICE_FAMILY = "1,2";
			};
			name = Release;
		};
		CD04AA6B2181B2FD00D019FC /* Debug */ = {
			isa = XCBuildConfiguration;
			buildSettings = {
				ALWAYS_EMBED_SWIFT_STANDARD_LIBRARIES = YES;
				BUNDLE_LOADER = "$(TEST_HOST)";
				CODE_SIGN_STYLE = Automatic;
				DEVELOPMENT_TEAM = Y4D3Z284BT;
				INFOPLIST_FILE = KUKU_V1.0Tests/Info.plist;
				LD_RUNPATH_SEARCH_PATHS = (
					"$(inherited)",
					"@executable_path/Frameworks",
					"@loader_path/Frameworks",
				);
				PRODUCT_BUNDLE_IDENTIFIER = "BK.KUKU-V1-0Tests";
				PRODUCT_NAME = "$(TARGET_NAME)";
				SWIFT_VERSION = 4.2;
				TARGETED_DEVICE_FAMILY = "1,2";
				TEST_HOST = "$(BUILT_PRODUCTS_DIR)/KUKU_V1.0.app/KUKU_V1.0";
			};
			name = Debug;
		};
		CD04AA6C2181B2FD00D019FC /* Release */ = {
			isa = XCBuildConfiguration;
			buildSettings = {
				ALWAYS_EMBED_SWIFT_STANDARD_LIBRARIES = YES;
				BUNDLE_LOADER = "$(TEST_HOST)";
				CODE_SIGN_STYLE = Automatic;
				DEVELOPMENT_TEAM = Y4D3Z284BT;
				INFOPLIST_FILE = KUKU_V1.0Tests/Info.plist;
				LD_RUNPATH_SEARCH_PATHS = (
					"$(inherited)",
					"@executable_path/Frameworks",
					"@loader_path/Frameworks",
				);
				PRODUCT_BUNDLE_IDENTIFIER = "BK.KUKU-V1-0Tests";
				PRODUCT_NAME = "$(TARGET_NAME)";
				SWIFT_VERSION = 4.2;
				TARGETED_DEVICE_FAMILY = "1,2";
				TEST_HOST = "$(BUILT_PRODUCTS_DIR)/KUKU_V1.0.app/KUKU_V1.0";
			};
			name = Release;
		};
		CD04AA6E2181B2FD00D019FC /* Debug */ = {
			isa = XCBuildConfiguration;
			buildSettings = {
				ALWAYS_EMBED_SWIFT_STANDARD_LIBRARIES = YES;
				CODE_SIGN_STYLE = Automatic;
				DEVELOPMENT_TEAM = Y4D3Z284BT;
				INFOPLIST_FILE = KUKU_V1.0UITests/Info.plist;
				LD_RUNPATH_SEARCH_PATHS = (
					"$(inherited)",
					"@executable_path/Frameworks",
					"@loader_path/Frameworks",
				);
				PRODUCT_BUNDLE_IDENTIFIER = "BK.KUKU-V1-0UITests";
				PRODUCT_NAME = "$(TARGET_NAME)";
				SWIFT_VERSION = 4.2;
				TARGETED_DEVICE_FAMILY = "1,2";
				TEST_TARGET_NAME = KUKU_V1.0;
			};
			name = Debug;
		};
		CD04AA6F2181B2FD00D019FC /* Release */ = {
			isa = XCBuildConfiguration;
			buildSettings = {
				ALWAYS_EMBED_SWIFT_STANDARD_LIBRARIES = YES;
				CODE_SIGN_STYLE = Automatic;
				DEVELOPMENT_TEAM = Y4D3Z284BT;
				INFOPLIST_FILE = KUKU_V1.0UITests/Info.plist;
				LD_RUNPATH_SEARCH_PATHS = (
					"$(inherited)",
					"@executable_path/Frameworks",
					"@loader_path/Frameworks",
				);
				PRODUCT_BUNDLE_IDENTIFIER = "BK.KUKU-V1-0UITests";
				PRODUCT_NAME = "$(TARGET_NAME)";
				SWIFT_VERSION = 4.2;
				TARGETED_DEVICE_FAMILY = "1,2";
				TEST_TARGET_NAME = KUKU_V1.0;
			};
			name = Release;
		};
/* End XCBuildConfiguration section */

/* Begin XCConfigurationList section */
		CD04AA362181B2FC00D019FC /* Build configuration list for PBXProject "KUKU_V1.0" */ = {
			isa = XCConfigurationList;
			buildConfigurations = (
				CD04AA652181B2FD00D019FC /* Debug */,
				CD04AA662181B2FD00D019FC /* Release */,
			);
			defaultConfigurationIsVisible = 0;
			defaultConfigurationName = Release;
		};
		CD04AA672181B2FD00D019FC /* Build configuration list for PBXNativeTarget "KUKU_V1.0" */ = {
			isa = XCConfigurationList;
			buildConfigurations = (
				CD04AA682181B2FD00D019FC /* Debug */,
				CD04AA692181B2FD00D019FC /* Release */,
			);
			defaultConfigurationIsVisible = 0;
			defaultConfigurationName = Release;
		};
		CD04AA6A2181B2FD00D019FC /* Build configuration list for PBXNativeTarget "KUKU_V1.0Tests" */ = {
			isa = XCConfigurationList;
			buildConfigurations = (
				CD04AA6B2181B2FD00D019FC /* Debug */,
				CD04AA6C2181B2FD00D019FC /* Release */,
			);
			defaultConfigurationIsVisible = 0;
			defaultConfigurationName = Release;
		};
		CD04AA6D2181B2FD00D019FC /* Build configuration list for PBXNativeTarget "KUKU_V1.0UITests" */ = {
			isa = XCConfigurationList;
			buildConfigurations = (
				CD04AA6E2181B2FD00D019FC /* Debug */,
				CD04AA6F2181B2FD00D019FC /* Release */,
			);
			defaultConfigurationIsVisible = 0;
			defaultConfigurationName = Release;
		};
/* End XCConfigurationList section */
	};
	rootObject = CD04AA332181B2FC00D019FC /* Project object */;
}
